
Microsoft Visual Studio Solution File, Format Version 12.00
# Visual Studio 15
VisualStudioVersion = 15.0.28307.168
MinimumVisualStudioVersion = 10.0.40219.1
Project("{FAE04EC0-301F-11D3-BF4B-00C04F79EFBC}") = "WebApp", "WebApp\WebApp.csproj", "{A1B75615-228C-4E41-B6EA-A46EE57C24CF}"
EndProject
Project("{9092AA53-FB77-4645-B42D-1CCCA6BD08BD}") = "ElectronApp", "ElectronApp\ElectronApp.njsproj", "{FC022E4E-37FB-4555-BF81-4966A1D97C7A}"
EndProject
Global
	GlobalSection(SolutionConfigurationPlatforms) = preSolution
		Debug|Any CPU = Debug|Any CPU
		Release|Any CPU = Release|Any CPU
	EndGlobalSection
	GlobalSection(ProjectConfigurationPlatforms) = postSolution
		{A1B75615-228C-4E41-B6EA-A46EE57C24CF}.Debug|Any CPU.ActiveCfg = Debug|Any CPU
		{A1B75615-228C-4E41-B6EA-A46EE57C24CF}.Debug|Any CPU.Build.0 = Debug|Any CPU
		{A1B75615-228C-4E41-B6EA-A46EE57C24CF}.Release|Any CPU.ActiveCfg = Release|Any CPU
		{A1B75615-228C-4E41-B6EA-A46EE57C24CF}.Release|Any CPU.Build.0 = Release|Any CPU
		{FC022E4E-37FB-4555-BF81-4966A1D97C7A}.Debug|Any CPU.ActiveCfg = Debug|Any CPU
		{FC022E4E-37FB-4555-BF81-4966A1D97C7A}.Debug|Any CPU.Build.0 = Debug|Any CPU
		{FC022E4E-37FB-4555-BF81-4966A1D97C7A}.Release|Any CPU.ActiveCfg = Release|Any CPU
		{FC022E4E-37FB-4555-BF81-4966A1D97C7A}.Release|Any CPU.Build.0 = Release|Any CPU
	EndGlobalSection
	GlobalSection(SolutionProperties) = preSolution
		HideSolutionNode = FALSE
	EndGlobalSection
	GlobalSection(ExtensibilityGlobals) = postSolution
		SolutionGuid = {460DA493-C5B0-4C28-B908-253EA9EF6714}
	EndGlobalSection
EndGlobal
